
Microsoft Visual Studio Solution File, Format Version 12.00
# Visual Studio 15
VisualStudioVersion = 15.0.27428.2037
MinimumVisualStudioVersion = 10.0.40219.1
Project("{FAE04EC0-301F-11D3-BF4B-00C04F79EFBC}") = "TrainStationTest", "TrainStationTest\TrainStationTest.csproj", "{3582A053-2D27-402D-AC4F-1653564D50EB}"
EndProject
Global
	GlobalSection(SolutionConfigurationPlatforms) = preSolution
		Debug|Any CPU = Debug|Any CPU
		Release|Any CPU = Release|Any CPU
	EndGlobalSection
	GlobalSection(ProjectConfigurationPlatforms) = postSolution
		{3582A053-2D27-402D-AC4F-1653564D50EB}.Debug|Any CPU.ActiveCfg = Debug|Any CPU
		{3582A053-2D27-402D-AC4F-1653564D50EB}.Debug|Any CPU.Build.0 = Debug|Any CPU
		{3582A053-2D27-402D-AC4F-1653564D50EB}.Release|Any CPU.ActiveCfg = Release|Any CPU
		{3582A053-2D27-402D-AC4F-1653564D50EB}.Release|Any CPU.Build.0 = Release|Any CPU
	EndGlobalSection
	GlobalSection(SolutionProperties) = preSolution
		HideSolutionNode = FALSE
	EndGlobalSection
	GlobalSection(ExtensibilityGlobals) = postSolution
		SolutionGuid = {BA43E96D-384B-4199-9E3E-1C7E32AFBB34}
	EndGlobalSection
EndGlobal
